// !$*UTF8*$!
{
	archiveVersion = 1;
	classes = {
	};
	objectVersion = 46;
	objects = {

/* Begin PBXBuildFile section */
		9416EA091485D17E00080900 /* card.m in Sources */ = {isa = PBXBuildFile; fileRef = 9416EA081485D17E00080900 /* card.m */; };
		943705491468CA9D00755C5B /* UIKit.framework in Frameworks */ = {isa = PBXBuildFile; fileRef = 943705481468CA9D00755C5B /* UIKit.framework */; };
		9437054B1468CA9D00755C5B /* Foundation.framework in Frameworks */ = {isa = PBXBuildFile; fileRef = 9437054A1468CA9D00755C5B /* Foundation.framework */; };
		9437054D1468CA9D00755C5B /* CoreGraphics.framework in Frameworks */ = {isa = PBXBuildFile; fileRef = 9437054C1468CA9D00755C5B /* CoreGraphics.framework */; };
		943705531468CA9D00755C5B /* InfoPlist.strings in Resources */ = {isa = PBXBuildFile; fileRef = 943705511468CA9D00755C5B /* InfoPlist.strings */; };
		943705551468CA9D00755C5B /* main.m in Sources */ = {isa = PBXBuildFile; fileRef = 943705541468CA9D00755C5B /* main.m */; };
		943705591468CA9D00755C5B /* AppDelegate.m in Sources */ = {isa = PBXBuildFile; fileRef = 943705581468CA9D00755C5B /* AppDelegate.m */; };
		9437055C1468CA9D00755C5B /* ViewController.m in Sources */ = {isa = PBXBuildFile; fileRef = 9437055B1468CA9D00755C5B /* ViewController.m */; };
		945FBBB4156AF3E300C57F99 /* Icon-72@2x.png in Resources */ = {isa = PBXBuildFile; fileRef = 945FBBB3156AF3E300C57F99 /* Icon-72@2x.png */; };
		945FBBB7156AF3F300C57F99 /* Icon-72.png in Resources */ = {isa = PBXBuildFile; fileRef = 945FBBB6156AF3F300C57F99 /* Icon-72.png */; };
		948090C5155CA5A6008C080B /* GameController.m in Sources */ = {isa = PBXBuildFile; fileRef = 948090C4155CA5A6008C080B /* GameController.m */; };
		948090CF155CA798008C080B /* MainStoryboard.storyboard in Resources */ = {isa = PBXBuildFile; fileRef = 948090CE155CA798008C080B /* MainStoryboard.storyboard */; };
		948090D3155CA7B8008C080B /* pokerTable.png in Resources */ = {isa = PBXBuildFile; fileRef = 948090D0155CA7B8008C080B /* pokerTable.png */; };
		948090D4155CA7B8008C080B /* pokerTableWelcome.png in Resources */ = {isa = PBXBuildFile; fileRef = 948090D1155CA7B8008C080B /* pokerTableWelcome.png */; };
		948090D5155CA7B8008C080B /* pot of gold.gif in Resources */ = {isa = PBXBuildFile; fileRef = 948090D2155CA7B8008C080B /* pot of gold.gif */; };
		94A1AC1014BB9F1800DCF9A3 /* cards.png in Resources */ = {isa = PBXBuildFile; fileRef = 94A1AC0F14BB9F1800DCF9A3 /* cards.png */; };
		94A1AC1414BBA56200DCF9A3 /* Deck.m in Sources */ = {isa = PBXBuildFile; fileRef = 94A1AC1314BBA56200DCF9A3 /* Deck.m */; };
		E647260B153CD9D10016B89F /* Player.m in Sources */ = {isa = PBXBuildFile; fileRef = E647260A153CD9D10016B89F /* Player.m */; };
		E689705D155DE536006C1C7A /* cardBack.png in Resources */ = {isa = PBXBuildFile; fileRef = E689705C155DE536006C1C7A /* cardBack.png */; };
/* End PBXBuildFile section */

/* Begin PBXFileReference section */
		9416EA071485D17E00080900 /* card.h */ = {isa = PBXFileReference; fileEncoding = 4; lastKnownFileType = sourcecode.c.h; path = card.h; sourceTree = "<group>"; };
		9416EA081485D17E00080900 /* card.m */ = {isa = PBXFileReference; fileEncoding = 4; lastKnownFileType = sourcecode.c.objc; path = card.m; sourceTree = "<group>"; };
		943705441468CA9D00755C5B /* Blind Man's Bluff.app */ = {isa = PBXFileReference; explicitFileType = wrapper.application; includeInIndex = 0; path = "Blind Man's Bluff.app"; sourceTree = BUILT_PRODUCTS_DIR; };
		943705481468CA9D00755C5B /* UIKit.framework */ = {isa = PBXFileReference; lastKnownFileType = wrapper.framework; name = UIKit.framework; path = System/Library/Frameworks/UIKit.framework; sourceTree = SDKROOT; };
		9437054A1468CA9D00755C5B /* Foundation.framework */ = {isa = PBXFileReference; lastKnownFileType = wrapper.framework; name = Foundation.framework; path = System/Library/Frameworks/Foundation.framework; sourceTree = SDKROOT; };
		9437054C1468CA9D00755C5B /* CoreGraphics.framework */ = {isa = PBXFileReference; lastKnownFileType = wrapper.framework; name = CoreGraphics.framework; path = System/Library/Frameworks/CoreGraphics.framework; sourceTree = SDKROOT; };
		943705501468CA9D00755C5B /* Blind Man's Bluff-Info.plist */ = {isa = PBXFileReference; lastKnownFileType = text.plist.xml; path = "Blind Man's Bluff-Info.plist"; sourceTree = "<group>"; };
		943705521468CA9D00755C5B /* en */ = {isa = PBXFileReference; lastKnownFileType = text.plist.strings; name = en; path = en.lproj/InfoPlist.strings; sourceTree = "<group>"; };
		943705541468CA9D00755C5B /* main.m */ = {isa = PBXFileReference; lastKnownFileType = sourcecode.c.objc; path = main.m; sourceTree = "<group>"; };
		943705561468CA9D00755C5B /* Blind Man's Bluff-Prefix.pch */ = {isa = PBXFileReference; lastKnownFileType = sourcecode.c.h; path = "Blind Man's Bluff-Prefix.pch"; sourceTree = "<group>"; };
		943705571468CA9D00755C5B /* AppDelegate.h */ = {isa = PBXFileReference; lastKnownFileType = sourcecode.c.h; path = AppDelegate.h; sourceTree = "<group>"; };
		943705581468CA9D00755C5B /* AppDelegate.m */ = {isa = PBXFileReference; lastKnownFileType = sourcecode.c.objc; path = AppDelegate.m; sourceTree = "<group>"; };
		9437055A1468CA9D00755C5B /* ViewController.h */ = {isa = PBXFileReference; lastKnownFileType = sourcecode.c.h; path = ViewController.h; sourceTree = "<group>"; };
		9437055B1468CA9D00755C5B /* ViewController.m */ = {isa = PBXFileReference; lastKnownFileType = sourcecode.c.objc; path = ViewController.m; sourceTree = "<group>"; };
		945FBBB3156AF3E300C57F99 /* Icon-72@2x.png */ = {isa = PBXFileReference; lastKnownFileType = image.png; name = "Icon-72@2x.png"; path = "../Icon-72@2x.png"; sourceTree = "<group>"; };
		945FBBB6156AF3F300C57F99 /* Icon-72.png */ = {isa = PBXFileReference; lastKnownFileType = image.png; name = "Icon-72.png"; path = "../Icon-72.png"; sourceTree = "<group>"; };
		948090C3155CA5A6008C080B /* GameController.h */ = {isa = PBXFileReference; fileEncoding = 4; lastKnownFileType = sourcecode.c.h; path = GameController.h; sourceTree = "<group>"; };
		948090C4155CA5A6008C080B /* GameController.m */ = {isa = PBXFileReference; fileEncoding = 4; lastKnownFileType = sourcecode.c.objc; path = GameController.m; sourceTree = "<group>"; };
		948090CE155CA798008C080B /* MainStoryboard.storyboard */ = {isa = PBXFileReference; fileEncoding = 4; lastKnownFileType = file.storyboard; path = MainStoryboard.storyboard; sourceTree = "<group>"; };
		948090D0155CA7B8008C080B /* pokerTable.png */ = {isa = PBXFileReference; lastKnownFileType = image.png; path = pokerTable.png; sourceTree = "<group>"; };
		948090D1155CA7B8008C080B /* pokerTableWelcome.png */ = {isa = PBXFileReference; lastKnownFileType = image.png; path = pokerTableWelcome.png; sourceTree = "<group>"; };
		948090D2155CA7B8008C080B /* pot of gold.gif */ = {isa = PBXFileReference; lastKnownFileType = image.gif; path = "pot of gold.gif"; sourceTree = "<group>"; };
		94A1AC0F14BB9F1800DCF9A3 /* cards.png */ = {isa = PBXFileReference; lastKnownFileType = image.png; path = cards.png; sourceTree = "<group>"; };
		94A1AC1214BBA56200DCF9A3 /* Deck.h */ = {isa = PBXFileReference; fileEncoding = 4; lastKnownFileType = sourcecode.c.h; path = Deck.h; sourceTree = "<group>"; };
		94A1AC1314BBA56200DCF9A3 /* Deck.m */ = {isa = PBXFileReference; fileEncoding = 4; lastKnownFileType = sourcecode.c.objc; path = Deck.m; sourceTree = "<group>"; };
		E6472609153CD9D10016B89F /* Player.h */ = {isa = PBXFileReference; fileEncoding = 4; lastKnownFileType = sourcecode.c.h; name = Player.h; path = ../Player.h; sourceTree = "<group>"; };
		E647260A153CD9D10016B89F /* Player.m */ = {isa = PBXFileReference; fileEncoding = 4; lastKnownFileType = sourcecode.c.objc; name = Player.m; path = ../Player.m; sourceTree = "<group>"; };
		E689705C155DE536006C1C7A /* cardBack.png */ = {isa = PBXFileReference; lastKnownFileType = image.png; path = cardBack.png; sourceTree = "<group>"; };
/* End PBXFileReference section */

/* Begin PBXFrameworksBuildPhase section */
		943705411468CA9D00755C5B /* Frameworks */ = {
			isa = PBXFrameworksBuildPhase;
			buildActionMask = 2147483647;
			files = (
				943705491468CA9D00755C5B /* UIKit.framework in Frameworks */,
				9437054B1468CA9D00755C5B /* Foundation.framework in Frameworks */,
				9437054D1468CA9D00755C5B /* CoreGraphics.framework in Frameworks */,
			);
			runOnlyForDeploymentPostprocessing = 0;
		};
/* End PBXFrameworksBuildPhase section */

/* Begin PBXGroup section */
		943705391468CA9D00755C5B = {
			isa = PBXGroup;
			children = (
				9437054E1468CA9D00755C5B /* Blind Man's Bluff */,
				943705471468CA9D00755C5B /* Frameworks */,
				943705451468CA9D00755C5B /* Products */,
			);
			sourceTree = "<group>";
		};
		943705451468CA9D00755C5B /* Products */ = {
			isa = PBXGroup;
			children = (
				943705441468CA9D00755C5B /* Blind Man's Bluff.app */,
			);
			name = Products;
			sourceTree = "<group>";
		};
		943705471468CA9D00755C5B /* Frameworks */ = {
			isa = PBXGroup;
			children = (
				943705481468CA9D00755C5B /* UIKit.framework */,
				9437054A1468CA9D00755C5B /* Foundation.framework */,
				9437054C1468CA9D00755C5B /* CoreGraphics.framework */,
			);
			name = Frameworks;
			sourceTree = "<group>";
		};
		9437054E1468CA9D00755C5B /* Blind Man's Bluff */ = {
			isa = PBXGroup;
			children = (
				948090CE155CA798008C080B /* MainStoryboard.storyboard */,
				943705571468CA9D00755C5B /* AppDelegate.h */,
				943705581468CA9D00755C5B /* AppDelegate.m */,
				9437055A1468CA9D00755C5B /* ViewController.h */,
				9437055B1468CA9D00755C5B /* ViewController.m */,
				948090C3155CA5A6008C080B /* GameController.h */,
				948090C4155CA5A6008C080B /* GameController.m */,
				9416EA071485D17E00080900 /* card.h */,
				9416EA081485D17E00080900 /* card.m */,
				94A1AC1214BBA56200DCF9A3 /* Deck.h */,
				94A1AC1314BBA56200DCF9A3 /* Deck.m */,
				E6472609153CD9D10016B89F /* Player.h */,
				E647260A153CD9D10016B89F /* Player.m */,
				E60BCBBE155369CB003EC6DE /* Images */,
				9437054F1468CA9D00755C5B /* Supporting Files */,
			);
			path = "Blind Man's Bluff";
			sourceTree = "<group>";
		};
		9437054F1468CA9D00755C5B /* Supporting Files */ = {
			isa = PBXGroup;
			children = (
				943705501468CA9D00755C5B /* Blind Man's Bluff-Info.plist */,
				943705511468CA9D00755C5B /* InfoPlist.strings */,
				943705541468CA9D00755C5B /* main.m */,
				943705561468CA9D00755C5B /* Blind Man's Bluff-Prefix.pch */,
			);
			name = "Supporting Files";
			sourceTree = "<group>";
		};
		E60BCBBE155369CB003EC6DE /* Images */ = {
			isa = PBXGroup;
			children = (
				945FBBB6156AF3F300C57F99 /* Icon-72.png */,
				945FBBB3156AF3E300C57F99 /* Icon-72@2x.png */,
				E689705C155DE536006C1C7A /* cardBack.png */,
				948090D0155CA7B8008C080B /* pokerTable.png */,
				948090D1155CA7B8008C080B /* pokerTableWelcome.png */,
				948090D2155CA7B8008C080B /* pot of gold.gif */,
				94A1AC0F14BB9F1800DCF9A3 /* cards.png */,
			);
			name = Images;
			sourceTree = "<group>";
		};
/* End PBXGroup section */

/* Begin PBXNativeTarget section */
		943705431468CA9D00755C5B /* Blind Man's Bluff */ = {
			isa = PBXNativeTarget;
			buildConfigurationList = 943705621468CA9D00755C5B /* Build configuration list for PBXNativeTarget "Blind Man's Bluff" */;
			buildPhases = (
				943705401468CA9D00755C5B /* Sources */,
				943705411468CA9D00755C5B /* Frameworks */,
				943705421468CA9D00755C5B /* Resources */,
			);
			buildRules = (
			);
			dependencies = (
			);
			name = "Blind Man's Bluff";
			productName = "Blind Man's Bluff";
			productReference = 943705441468CA9D00755C5B /* Blind Man's Bluff.app */;
			productType = "com.apple.product-type.application";
		};
/* End PBXNativeTarget section */

/* Begin PBXProject section */
		9437053B1468CA9D00755C5B /* Project object */ = {
			isa = PBXProject;
			attributes = {
				LastUpgradeCheck = 0420;
			};
			buildConfigurationList = 9437053E1468CA9D00755C5B /* Build configuration list for PBXProject "Blind Man's Bluff" */;
			compatibilityVersion = "Xcode 3.2";
			developmentRegion = English;
			hasScannedForEncodings = 0;
			knownRegions = (
				en,
			);
			mainGroup = 943705391468CA9D00755C5B;
			productRefGroup = 943705451468CA9D00755C5B /* Products */;
			projectDirPath = "";
			projectRoot = "";
			targets = (
				943705431468CA9D00755C5B /* Blind Man's Bluff */,
			);
		};
/* End PBXProject section */

/* Begin PBXResourcesBuildPhase section */
		943705421468CA9D00755C5B /* Resources */ = {
			isa = PBXResourcesBuildPhase;
			buildActionMask = 2147483647;
			files = (
				943705531468CA9D00755C5B /* InfoPlist.strings in Resources */,
				94A1AC1014BB9F1800DCF9A3 /* cards.png in Resources */,
				948090CF155CA798008C080B /* MainStoryboard.storyboard in Resources */,
				948090D3155CA7B8008C080B /* pokerTable.png in Resources */,
				948090D4155CA7B8008C080B /* pokerTableWelcome.png in Resources */,
				948090D5155CA7B8008C080B /* pot of gold.gif in Resources */,
				E689705D155DE536006C1C7A /* cardBack.png in Resources */,
				945FBBB4156AF3E300C57F99 /* Icon-72@2x.png in Resources */,
				945FBBB7156AF3F300C57F99 /* Icon-72.png in Resources */,
			);
			runOnlyForDeploymentPostprocessing = 0;
		};
/* End PBXResourcesBuildPhase section */

/* Begin PBXSourcesBuildPhase section */
		943705401468CA9D00755C5B /* Sources */ = {
			isa = PBXSourcesBuildPhase;
			buildActionMask = 2147483647;
			files = (
				943705551468CA9D00755C5B /* main.m in Sources */,
				943705591468CA9D00755C5B /* AppDelegate.m in Sources */,
				9437055C1468CA9D00755C5B /* ViewController.m in Sources */,
				9416EA091485D17E00080900 /* card.m in Sources */,
				94A1AC1414BBA56200DCF9A3 /* Deck.m in Sources */,
				E647260B153CD9D10016B89F /* Player.m in Sources */,
				948090C5155CA5A6008C080B /* GameController.m in Sources */,
			);
			runOnlyForDeploymentPostprocessing = 0;
		};
/* End PBXSourcesBuildPhase section */

/* Begin PBXVariantGroup section */
		943705511468CA9D00755C5B /* InfoPlist.strings */ = {
			isa = PBXVariantGroup;
			children = (
				943705521468CA9D00755C5B /* en */,
			);
			name = InfoPlist.strings;
			sourceTree = "<group>";
		};
/* End PBXVariantGroup section */

/* Begin XCBuildConfiguration section */
		943705601468CA9D00755C5B /* Debug */ = {
			isa = XCBuildConfiguration;
			buildSettings = {
				ALWAYS_SEARCH_USER_PATHS = NO;
				ARCHS = "$(ARCHS_STANDARD_32_BIT)";
				CLANG_ENABLE_OBJC_ARC = YES;
				"CODE_SIGN_IDENTITY[sdk=iphoneos*]" = "iPhone Developer";
				COPY_PHASE_STRIP = NO;
				GCC_C_LANGUAGE_STANDARD = gnu99;
				GCC_DYNAMIC_NO_PIC = NO;
				GCC_OPTIMIZATION_LEVEL = 0;
				GCC_PREPROCESSOR_DEFINITIONS = (
					"DEBUG=1",
					"$(inherited)",
				);
				GCC_SYMBOLS_PRIVATE_EXTERN = NO;
				GCC_VERSION = com.apple.compilers.llvm.clang.1_0;
				GCC_WARN_ABOUT_MISSING_PROTOTYPES = YES;
				GCC_WARN_ABOUT_RETURN_TYPE = YES;
				GCC_WARN_UNUSED_VARIABLE = YES;
				IPHONEOS_DEPLOYMENT_TARGET = 5.0;
				SDKROOT = iphoneos;
				TARGETED_DEVICE_FAMILY = 2;
			};
			name = Debug;
		};
		943705611468CA9D00755C5B /* Release */ = {
			isa = XCBuildConfiguration;
			buildSettings = {
				ALWAYS_SEARCH_USER_PATHS = NO;
				ARCHS = "$(ARCHS_STANDARD_32_BIT)";
				CLANG_ENABLE_OBJC_ARC = YES;
				"CODE_SIGN_IDENTITY[sdk=iphoneos*]" = "iPhone Developer";
				COPY_PHASE_STRIP = YES;
				GCC_C_LANGUAGE_STANDARD = gnu99;
				GCC_VERSION = com.apple.compilers.llvm.clang.1_0;
				GCC_WARN_ABOUT_MISSING_PROTOTYPES = YES;
				GCC_WARN_ABOUT_RETURN_TYPE = YES;
				GCC_WARN_UNUSED_VARIABLE = YES;
				IPHONEOS_DEPLOYMENT_TARGET = 5.0;
				OTHER_CFLAGS = "-DNS_BLOCK_ASSERTIONS=1";
				SDKROOT = iphoneos;
				TARGETED_DEVICE_FAMILY = 2;
				VALIDATE_PRODUCT = YES;
			};
			name = Release;
		};
		943705631468CA9D00755C5B /* Debug */ = {
			isa = XCBuildConfiguration;
			buildSettings = {
				GCC_PRECOMPILE_PREFIX_HEADER = YES;
				GCC_PREFIX_HEADER = "Blind Man's Bluff/Blind Man's Bluff-Prefix.pch";
				INFOPLIST_FILE = "Blind Man's Bluff/Blind Man's Bluff-Info.plist";
				PRODUCT_NAME = "$(TARGET_NAME)";
				WRAPPER_EXTENSION = app;
			};
			name = Debug;
		};
		943705641468CA9D00755C5B /* Release */ = {
			isa = XCBuildConfiguration;
			buildSettings = {
				GCC_PRECOMPILE_PREFIX_HEADER = YES;
				GCC_PREFIX_HEADER = "Blind Man's Bluff/Blind Man's Bluff-Prefix.pch";
				INFOPLIST_FILE = "Blind Man's Bluff/Blind Man's Bluff-Info.plist";
				PRODUCT_NAME = "$(TARGET_NAME)";
				WRAPPER_EXTENSION = app;
			};
			name = Release;
		};
/* End XCBuildConfiguration section */

/* Begin XCConfigurationList section */
		9437053E1468CA9D00755C5B /* Build configuration list for PBXProject "Blind Man's Bluff" */ = {
			isa = XCConfigurationList;
			buildConfigurations = (
				943705601468CA9D00755C5B /* Debug */,
				943705611468CA9D00755C5B /* Release */,
			);
			defaultConfigurationIsVisible = 0;
			defaultConfigurationName = Release;
		};
		943705621468CA9D00755C5B /* Build configuration list for PBXNativeTarget "Blind Man's Bluff" */ = {
			isa = XCConfigurationList;
			buildConfigurations = (
				943705631468CA9D00755C5B /* Debug */,
				943705641468CA9D00755C5B /* Release */,
			);
			defaultConfigurationIsVisible = 0;
			defaultConfigurationName = Release;
		};
/* End XCConfigurationList section */
	};
	rootObject = 9437053B1468CA9D00755C5B /* Project object */;
}
